
Microsoft Visual Studio Solution File, Format Version 12.00
# Visual Studio Version 17
VisualStudioVersion = 17.8.34309.116
MinimumVisualStudioVersion = 10.0.40219.1
Project("{FAE04EC0-301F-11D3-BF4B-00C04F79EFBC}") = "Hartsy", "Hartsy.csproj", "{FDC6E44B-8E8F-4419-883B-D9CA82570BE4}"
EndProject
Global
	GlobalSection(SolutionConfigurationPlatforms) = preSolution
		Debug|Any CPU = Debug|Any CPU
		Release|Any CPU = Release|Any CPU
	EndGlobalSection
	GlobalSection(ProjectConfigurationPlatforms) = postSolution
		{FDC6E44B-8E8F-4419-883B-D9CA82570BE4}.Debug|Any CPU.ActiveCfg = Debug|Any CPU
		{FDC6E44B-8E8F-4419-883B-D9CA82570BE4}.Debug|Any CPU.Build.0 = Debug|Any CPU
		{FDC6E44B-8E8F-4419-883B-D9CA82570BE4}.Release|Any CPU.ActiveCfg = Release|Any CPU
		{FDC6E44B-8E8F-4419-883B-D9CA82570BE4}.Release|Any CPU.Build.0 = Release|Any CPU
	EndGlobalSection
	GlobalSection(SolutionProperties) = preSolution
		HideSolutionNode = FALSE
	EndGlobalSection
	GlobalSection(ExtensibilityGlobals) = postSolution
		SolutionGuid = {BC88DBD6-7C65-4188-92B1-D0E3B2CE4B45}
	EndGlobalSection
EndGlobal
